// !$*UTF8*$!
{
	archiveVersion = 1;
	classes = {
	};
	objectVersion = 52;
	objects = {

/* Begin PBXBuildFile section */
		F269E53F25F70FBD00F42E4D /* AppDelegate.swift in Sources */ = {isa = PBXBuildFile; fileRef = F269E53E25F70FBD00F42E4D /* AppDelegate.swift */; };
		F269E54125F70FBD00F42E4D /* SceneDelegate.swift in Sources */ = {isa = PBXBuildFile; fileRef = F269E54025F70FBD00F42E4D /* SceneDelegate.swift */; };
		F269E54325F70FBD00F42E4D /* ViewController.swift in Sources */ = {isa = PBXBuildFile; fileRef = F269E54225F70FBD00F42E4D /* ViewController.swift */; };
		F269E54625F70FBD00F42E4D /* Main.storyboard in Resources */ = {isa = PBXBuildFile; fileRef = F269E54425F70FBD00F42E4D /* Main.storyboard */; };
		F269E54825F70FC100F42E4D /* Assets.xcassets in Resources */ = {isa = PBXBuildFile; fileRef = F269E54725F70FC100F42E4D /* Assets.xcassets */; };
		F269E54B25F70FC100F42E4D /* LaunchScreen.storyboard in Resources */ = {isa = PBXBuildFile; fileRef = F269E54925F70FC100F42E4D /* LaunchScreen.storyboard */; };
		F269E55625F70FC200F42E4D /* GhilbiFilmTests.swift in Sources */ = {isa = PBXBuildFile; fileRef = F269E55525F70FC200F42E4D /* GhilbiFilmTests.swift */; };
		F269E56125F70FC200F42E4D /* GhilbiFilmUITests.swift in Sources */ = {isa = PBXBuildFile; fileRef = F269E56025F70FC200F42E4D /* GhilbiFilmUITests.swift */; };
		F269E57325F712D800F42E4D /* RxCocoa in Frameworks */ = {isa = PBXBuildFile; productRef = F269E57225F712D800F42E4D /* RxCocoa */; };
		F269E57525F712D800F42E4D /* RxSwift in Frameworks */ = {isa = PBXBuildFile; productRef = F269E57425F712D800F42E4D /* RxSwift */; };
/* End PBXBuildFile section */

/* Begin PBXContainerItemProxy section */
		F269E55225F70FC200F42E4D /* PBXContainerItemProxy */ = {
			isa = PBXContainerItemProxy;
			containerPortal = F269E53325F70FBC00F42E4D /* Project object */;
			proxyType = 1;
			remoteGlobalIDString = F269E53A25F70FBD00F42E4D;
			remoteInfo = GhilbiFilm;
		};
		F269E55D25F70FC200F42E4D /* PBXContainerItemProxy */ = {
			isa = PBXContainerItemProxy;
			containerPortal = F269E53325F70FBC00F42E4D /* Project object */;
			proxyType = 1;
			remoteGlobalIDString = F269E53A25F70FBD00F42E4D;
			remoteInfo = GhilbiFilm;
		};
/* End PBXContainerItemProxy section */

/* Begin PBXFileReference section */
		F269E53B25F70FBD00F42E4D /* GhilbiFilm.app */ = {isa = PBXFileReference; explicitFileType = wrapper.application; includeInIndex = 0; path = GhilbiFilm.app; sourceTree = BUILT_PRODUCTS_DIR; };
		F269E53E25F70FBD00F42E4D /* AppDelegate.swift */ = {isa = PBXFileReference; lastKnownFileType = sourcecode.swift; path = AppDelegate.swift; sourceTree = "<group>"; };
		F269E54025F70FBD00F42E4D /* SceneDelegate.swift */ = {isa = PBXFileReference; lastKnownFileType = sourcecode.swift; path = SceneDelegate.swift; sourceTree = "<group>"; };
		F269E54225F70FBD00F42E4D /* ViewController.swift */ = {isa = PBXFileReference; lastKnownFileType = sourcecode.swift; path = ViewController.swift; sourceTree = "<group>"; };
		F269E54525F70FBD00F42E4D /* Base */ = {isa = PBXFileReference; lastKnownFileType = file.storyboard; name = Base; path = Base.lproj/Main.storyboard; sourceTree = "<group>"; };
		F269E54725F70FC100F42E4D /* Assets.xcassets */ = {isa = PBXFileReference; lastKnownFileType = folder.assetcatalog; path = Assets.xcassets; sourceTree = "<group>"; };
		F269E54A25F70FC100F42E4D /* Base */ = {isa = PBXFileReference; lastKnownFileType = file.storyboard; name = Base; path = Base.lproj/LaunchScreen.storyboard; sourceTree = "<group>"; };
		F269E54C25F70FC100F42E4D /* Info.plist */ = {isa = PBXFileReference; lastKnownFileType = text.plist.xml; path = Info.plist; sourceTree = "<group>"; };
		F269E55125F70FC200F42E4D /* GhilbiFilmTests.xctest */ = {isa = PBXFileReference; explicitFileType = wrapper.cfbundle; includeInIndex = 0; path = GhilbiFilmTests.xctest; sourceTree = BUILT_PRODUCTS_DIR; };
		F269E55525F70FC200F42E4D /* GhilbiFilmTests.swift */ = {isa = PBXFileReference; lastKnownFileType = sourcecode.swift; path = GhilbiFilmTests.swift; sourceTree = "<group>"; };
		F269E55725F70FC200F42E4D /* Info.plist */ = {isa = PBXFileReference; lastKnownFileType = text.plist.xml; path = Info.plist; sourceTree = "<group>"; };
		F269E55C25F70FC200F42E4D /* GhilbiFilmUITests.xctest */ = {isa = PBXFileReference; explicitFileType = wrapper.cfbundle; includeInIndex = 0; path = GhilbiFilmUITests.xctest; sourceTree = BUILT_PRODUCTS_DIR; };
		F269E56025F70FC200F42E4D /* GhilbiFilmUITests.swift */ = {isa = PBXFileReference; lastKnownFileType = sourcecode.swift; path = GhilbiFilmUITests.swift; sourceTree = "<group>"; };
		F269E56225F70FC200F42E4D /* Info.plist */ = {isa = PBXFileReference; lastKnownFileType = text.plist.xml; path = Info.plist; sourceTree = "<group>"; };
/* End PBXFileReference section */

/* Begin PBXFrameworksBuildPhase section */
		F269E53825F70FBD00F42E4D /* Frameworks */ = {
			isa = PBXFrameworksBuildPhase;
			buildActionMask = 2147483647;
			files = (
				F269E57525F712D800F42E4D /* RxSwift in Frameworks */,
				F269E57325F712D800F42E4D /* RxCocoa in Frameworks */,
			);
			runOnlyForDeploymentPostprocessing = 0;
		};
		F269E54E25F70FC200F42E4D /* Frameworks */ = {
			isa = PBXFrameworksBuildPhase;
			buildActionMask = 2147483647;
			files = (
			);
			runOnlyForDeploymentPostprocessing = 0;
		};
		F269E55925F70FC200F42E4D /* Frameworks */ = {
			isa = PBXFrameworksBuildPhase;
			buildActionMask = 2147483647;
			files = (
			);
			runOnlyForDeploymentPostprocessing = 0;
		};
/* End PBXFrameworksBuildPhase section */

/* Begin PBXGroup section */
		F269E53225F70FBC00F42E4D = {
			isa = PBXGroup;
			children = (
				F269E53D25F70FBD00F42E4D /* GhilbiFilm */,
				F269E55425F70FC200F42E4D /* GhilbiFilmTests */,
				F269E55F25F70FC200F42E4D /* GhilbiFilmUITests */,
				F269E53C25F70FBD00F42E4D /* Products */,
			);
			sourceTree = "<group>";
		};
		F269E53C25F70FBD00F42E4D /* Products */ = {
			isa = PBXGroup;
			children = (
				F269E53B25F70FBD00F42E4D /* GhilbiFilm.app */,
				F269E55125F70FC200F42E4D /* GhilbiFilmTests.xctest */,
				F269E55C25F70FC200F42E4D /* GhilbiFilmUITests.xctest */,
			);
			name = Products;
			sourceTree = "<group>";
		};
		F269E53D25F70FBD00F42E4D /* GhilbiFilm */ = {
			isa = PBXGroup;
			children = (
				F269E53E25F70FBD00F42E4D /* AppDelegate.swift */,
				F269E54025F70FBD00F42E4D /* SceneDelegate.swift */,
				F269E54225F70FBD00F42E4D /* ViewController.swift */,
				F269E54425F70FBD00F42E4D /* Main.storyboard */,
				F269E54725F70FC100F42E4D /* Assets.xcassets */,
				F269E54925F70FC100F42E4D /* LaunchScreen.storyboard */,
				F269E54C25F70FC100F42E4D /* Info.plist */,
			);
			path = GhilbiFilm;
			sourceTree = "<group>";
		};
		F269E55425F70FC200F42E4D /* GhilbiFilmTests */ = {
			isa = PBXGroup;
			children = (
				F269E55525F70FC200F42E4D /* GhilbiFilmTests.swift */,
				F269E55725F70FC200F42E4D /* Info.plist */,
			);
			path = GhilbiFilmTests;
			sourceTree = "<group>";
		};
		F269E55F25F70FC200F42E4D /* GhilbiFilmUITests */ = {
			isa = PBXGroup;
			children = (
				F269E56025F70FC200F42E4D /* GhilbiFilmUITests.swift */,
				F269E56225F70FC200F42E4D /* Info.plist */,
			);
			path = GhilbiFilmUITests;
			sourceTree = "<group>";
		};
/* End PBXGroup section */

/* Begin PBXNativeTarget section */
		F269E53A25F70FBD00F42E4D /* GhilbiFilm */ = {
			isa = PBXNativeTarget;
			buildConfigurationList = F269E56525F70FC200F42E4D /* Build configuration list for PBXNativeTarget "GhilbiFilm" */;
			buildPhases = (
				F269E53725F70FBD00F42E4D /* Sources */,
				F269E53825F70FBD00F42E4D /* Frameworks */,
				F269E53925F70FBD00F42E4D /* Resources */,
			);
			buildRules = (
			);
			dependencies = (
			);
			name = GhilbiFilm;
			packageProductDependencies = (
				F269E57225F712D800F42E4D /* RxCocoa */,
				F269E57425F712D800F42E4D /* RxSwift */,
			);
			productName = GhilbiFilm;
			productReference = F269E53B25F70FBD00F42E4D /* GhilbiFilm.app */;
			productType = "com.apple.product-type.application";
		};
		F269E55025F70FC200F42E4D /* GhilbiFilmTests */ = {
			isa = PBXNativeTarget;
			buildConfigurationList = F269E56825F70FC200F42E4D /* Build configuration list for PBXNativeTarget "GhilbiFilmTests" */;
			buildPhases = (
				F269E54D25F70FC200F42E4D /* Sources */,
				F269E54E25F70FC200F42E4D /* Frameworks */,
				F269E54F25F70FC200F42E4D /* Resources */,
			);
			buildRules = (
			);
			dependencies = (
				F269E55325F70FC200F42E4D /* PBXTargetDependency */,
			);
			name = GhilbiFilmTests;
			productName = GhilbiFilmTests;
			productReference = F269E55125F70FC200F42E4D /* GhilbiFilmTests.xctest */;
			productType = "com.apple.product-type.bundle.unit-test";
		};
		F269E55B25F70FC200F42E4D /* GhilbiFilmUITests */ = {
			isa = PBXNativeTarget;
			buildConfigurationList = F269E56B25F70FC200F42E4D /* Build configuration list for PBXNativeTarget "GhilbiFilmUITests" */;
			buildPhases = (
				F269E55825F70FC200F42E4D /* Sources */,
				F269E55925F70FC200F42E4D /* Frameworks */,
				F269E55A25F70FC200F42E4D /* Resources */,
			);
			buildRules = (
			);
			dependencies = (
				F269E55E25F70FC200F42E4D /* PBXTargetDependency */,
			);
			name = GhilbiFilmUITests;
			productName = GhilbiFilmUITests;
			productReference = F269E55C25F70FC200F42E4D /* GhilbiFilmUITests.xctest */;
			productType = "com.apple.product-type.bundle.ui-testing";
		};
/* End PBXNativeTarget section */

/* Begin PBXProject section */
		F269E53325F70FBC00F42E4D /* Project object */ = {
			isa = PBXProject;
			attributes = {
				LastSwiftUpdateCheck = 1230;
				LastUpgradeCheck = 1230;
				TargetAttributes = {
					F269E53A25F70FBD00F42E4D = {
						CreatedOnToolsVersion = 12.3;
					};
					F269E55025F70FC200F42E4D = {
						CreatedOnToolsVersion = 12.3;
						TestTargetID = F269E53A25F70FBD00F42E4D;
					};
					F269E55B25F70FC200F42E4D = {
						CreatedOnToolsVersion = 12.3;
						TestTargetID = F269E53A25F70FBD00F42E4D;
					};
				};
			};
			buildConfigurationList = F269E53625F70FBC00F42E4D /* Build configuration list for PBXProject "GhilbiFilm" */;
			compatibilityVersion = "Xcode 9.3";
			developmentRegion = en;
			hasScannedForEncodings = 0;
			knownRegions = (
				en,
				Base,
			);
			mainGroup = F269E53225F70FBC00F42E4D;
			packageReferences = (
				F269E57125F712D800F42E4D /* XCRemoteSwiftPackageReference "RxSwift" */,
			);
			productRefGroup = F269E53C25F70FBD00F42E4D /* Products */;
			projectDirPath = "";
			projectRoot = "";
			targets = (
				F269E53A25F70FBD00F42E4D /* GhilbiFilm */,
				F269E55025F70FC200F42E4D /* GhilbiFilmTests */,
				F269E55B25F70FC200F42E4D /* GhilbiFilmUITests */,
			);
		};
/* End PBXProject section */

/* Begin PBXResourcesBuildPhase section */
		F269E53925F70FBD00F42E4D /* Resources */ = {
			isa = PBXResourcesBuildPhase;
			buildActionMask = 2147483647;
			files = (
				F269E54B25F70FC100F42E4D /* LaunchScreen.storyboard in Resources */,
				F269E54825F70FC100F42E4D /* Assets.xcassets in Resources */,
				F269E54625F70FBD00F42E4D /* Main.storyboard in Resources */,
			);
			runOnlyForDeploymentPostprocessing = 0;
		};
		F269E54F25F70FC200F42E4D /* Resources */ = {
			isa = PBXResourcesBuildPhase;
			buildActionMask = 2147483647;
			files = (
			);
			runOnlyForDeploymentPostprocessing = 0;
		};
		F269E55A25F70FC200F42E4D /* Resources */ = {
			isa = PBXResourcesBuildPhase;
			buildActionMask = 2147483647;
			files = (
			);
			runOnlyForDeploymentPostprocessing = 0;
		};
/* End PBXResourcesBuildPhase section */

/* Begin PBXSourcesBuildPhase section */
		F269E53725F70FBD00F42E4D /* Sources */ = {
			isa = PBXSourcesBuildPhase;
			buildActionMask = 2147483647;
			files = (
				F269E54325F70FBD00F42E4D /* ViewController.swift in Sources */,
				F269E53F25F70FBD00F42E4D /* AppDelegate.swift in Sources */,
				F269E54125F70FBD00F42E4D /* SceneDelegate.swift in Sources */,
			);
			runOnlyForDeploymentPostprocessing = 0;
		};
		F269E54D25F70FC200F42E4D /* Sources */ = {
			isa = PBXSourcesBuildPhase;
			buildActionMask = 2147483647;
			files = (
				F269E55625F70FC200F42E4D /* GhilbiFilmTests.swift in Sources */,
			);
			runOnlyForDeploymentPostprocessing = 0;
		};
		F269E55825F70FC200F42E4D /* Sources */ = {
			isa = PBXSourcesBuildPhase;
			buildActionMask = 2147483647;
			files = (
				F269E56125F70FC200F42E4D /* GhilbiFilmUITests.swift in Sources */,
			);
			runOnlyForDeploymentPostprocessing = 0;
		};
/* End PBXSourcesBuildPhase section */

/* Begin PBXTargetDependency section */
		F269E55325F70FC200F42E4D /* PBXTargetDependency */ = {
			isa = PBXTargetDependency;
			target = F269E53A25F70FBD00F42E4D /* GhilbiFilm */;
			targetProxy = F269E55225F70FC200F42E4D /* PBXContainerItemProxy */;
		};
		F269E55E25F70FC200F42E4D /* PBXTargetDependency */ = {
			isa = PBXTargetDependency;
			target = F269E53A25F70FBD00F42E4D /* GhilbiFilm */;
			targetProxy = F269E55D25F70FC200F42E4D /* PBXContainerItemProxy */;
		};
/* End PBXTargetDependency section */

/* Begin PBXVariantGroup section */
		F269E54425F70FBD00F42E4D /* Main.storyboard */ = {
			isa = PBXVariantGroup;
			children = (
				F269E54525F70FBD00F42E4D /* Base */,
			);
			name = Main.storyboard;
			sourceTree = "<group>";
		};
		F269E54925F70FC100F42E4D /* LaunchScreen.storyboard */ = {
			isa = PBXVariantGroup;
			children = (
				F269E54A25F70FC100F42E4D /* Base */,
			);
			name = LaunchScreen.storyboard;
			sourceTree = "<group>";
		};
/* End PBXVariantGroup section */

/* Begin XCBuildConfiguration section */
		F269E56325F70FC200F42E4D /* Debug */ = {
			isa = XCBuildConfiguration;
			buildSettings = {
				ALWAYS_SEARCH_USER_PATHS = NO;
				CLANG_ANALYZER_NONNULL = YES;
				CLANG_ANALYZER_NUMBER_OBJECT_CONVERSION = YES_AGGRESSIVE;
				CLANG_CXX_LANGUAGE_STANDARD = "gnu++14";
				CLANG_CXX_LIBRARY = "libc++";
				CLANG_ENABLE_MODULES = YES;
				CLANG_ENABLE_OBJC_ARC = YES;
				CLANG_ENABLE_OBJC_WEAK = YES;
				CLANG_WARN_BLOCK_CAPTURE_AUTORELEASING = YES;
				CLANG_WARN_BOOL_CONVERSION = YES;
				CLANG_WARN_COMMA = YES;
				CLANG_WARN_CONSTANT_CONVERSION = YES;
				CLANG_WARN_DEPRECATED_OBJC_IMPLEMENTATIONS = YES;
				CLANG_WARN_DIRECT_OBJC_ISA_USAGE = YES_ERROR;
				CLANG_WARN_DOCUMENTATION_COMMENTS = YES;
				CLANG_WARN_EMPTY_BODY = YES;
				CLANG_WARN_ENUM_CONVERSION = YES;
				CLANG_WARN_INFINITE_RECURSION = YES;
				CLANG_WARN_INT_CONVERSION = YES;
				CLANG_WARN_NON_LITERAL_NULL_CONVERSION = YES;
				CLANG_WARN_OBJC_IMPLICIT_RETAIN_SELF = YES;
				CLANG_WARN_OBJC_LITERAL_CONVERSION = YES;
				CLANG_WARN_OBJC_ROOT_CLASS = YES_ERROR;
				CLANG_WARN_QUOTED_INCLUDE_IN_FRAMEWORK_HEADER = YES;
				CLANG_WARN_RANGE_LOOP_ANALYSIS = YES;
				CLANG_WARN_STRICT_PROTOTYPES = YES;
				CLANG_WARN_SUSPICIOUS_MOVE = YES;
				CLANG_WARN_UNGUARDED_AVAILABILITY = YES_AGGRESSIVE;
				CLANG_WARN_UNREACHABLE_CODE = YES;
				CLANG_WARN__DUPLICATE_METHOD_MATCH = YES;
				COPY_PHASE_STRIP = NO;
				DEBUG_INFORMATION_FORMAT = dwarf;
				ENABLE_STRICT_OBJC_MSGSEND = YES;
				ENABLE_TESTABILITY = YES;
				GCC_C_LANGUAGE_STANDARD = gnu11;
				GCC_DYNAMIC_NO_PIC = NO;
				GCC_NO_COMMON_BLOCKS = YES;
				GCC_OPTIMIZATION_LEVEL = 0;
				GCC_PREPROCESSOR_DEFINITIONS = (
					"DEBUG=1",
					"$(inherited)",
				);
				GCC_WARN_64_TO_32_BIT_CONVERSION = YES;
				GCC_WARN_ABOUT_RETURN_TYPE = YES_ERROR;
				GCC_WARN_UNDECLARED_SELECTOR = YES;
				GCC_WARN_UNINITIALIZED_AUTOS = YES_AGGRESSIVE;
				GCC_WARN_UNUSED_FUNCTION = YES;
				GCC_WARN_UNUSED_VARIABLE = YES;
				IPHONEOS_DEPLOYMENT_TARGET = 14.3;
				MTL_ENABLE_DEBUG_INFO = INCLUDE_SOURCE;
				MTL_FAST_MATH = YES;
				ONLY_ACTIVE_ARCH = YES;
				SDKROOT = iphoneos;
				SWIFT_ACTIVE_COMPILATION_CONDITIONS = DEBUG;
				SWIFT_OPTIMIZATION_LEVEL = "-Onone";
			};
			name = Debug;
		};
		F269E56425F70FC200F42E4D /* Release */ = {
			isa = XCBuildConfiguration;
			buildSettings = {
				ALWAYS_SEARCH_USER_PATHS = NO;
				CLANG_ANALYZER_NONNULL = YES;
				CLANG_ANALYZER_NUMBER_OBJECT_CONVERSION = YES_AGGRESSIVE;
				CLANG_CXX_LANGUAGE_STANDARD = "gnu++14";
				CLANG_CXX_LIBRARY = "libc++";
				CLANG_ENABLE_MODULES = YES;
				CLANG_ENABLE_OBJC_ARC = YES;
				CLANG_ENABLE_OBJC_WEAK = YES;
				CLANG_WARN_BLOCK_CAPTURE_AUTORELEASING = YES;
				CLANG_WARN_BOOL_CONVERSION = YES;
				CLANG_WARN_COMMA = YES;
				CLANG_WARN_CONSTANT_CONVERSION = YES;
				CLANG_WARN_DEPRECATED_OBJC_IMPLEMENTATIONS = YES;
				CLANG_WARN_DIRECT_OBJC_ISA_USAGE = YES_ERROR;
				CLANG_WARN_DOCUMENTATION_COMMENTS = YES;
				CLANG_WARN_EMPTY_BODY = YES;
				CLANG_WARN_ENUM_CONVERSION = YES;
				CLANG_WARN_INFINITE_RECURSION = YES;
				CLANG_WARN_INT_CONVERSION = YES;
				CLANG_WARN_NON_LITERAL_NULL_CONVERSION = YES;
				CLANG_WARN_OBJC_IMPLICIT_RETAIN_SELF = YES;
				CLANG_WARN_OBJC_LITERAL_CONVERSION = YES;
				CLANG_WARN_OBJC_ROOT_CLASS = YES_ERROR;
				CLANG_WARN_QUOTED_INCLUDE_IN_FRAMEWORK_HEADER = YES;
				CLANG_WARN_RANGE_LOOP_ANALYSIS = YES;
				CLANG_WARN_STRICT_PROTOTYPES = YES;
				CLANG_WARN_SUSPICIOUS_MOVE = YES;
				CLANG_WARN_UNGUARDED_AVAILABILITY = YES_AGGRESSIVE;
				CLANG_WARN_UNREACHABLE_CODE = YES;
				CLANG_WARN__DUPLICATE_METHOD_MATCH = YES;
				COPY_PHASE_STRIP = NO;
				DEBUG_INFORMATION_FORMAT = "dwarf-with-dsym";
				ENABLE_NS_ASSERTIONS = NO;
				ENABLE_STRICT_OBJC_MSGSEND = YES;
				GCC_C_LANGUAGE_STANDARD = gnu11;
				GCC_NO_COMMON_BLOCKS = YES;
				GCC_WARN_64_TO_32_BIT_CONVERSION = YES;
				GCC_WARN_ABOUT_RETURN_TYPE = YES_ERROR;
				GCC_WARN_UNDECLARED_SELECTOR = YES;
				GCC_WARN_UNINITIALIZED_AUTOS = YES_AGGRESSIVE;
				GCC_WARN_UNUSED_FUNCTION = YES;
				GCC_WARN_UNUSED_VARIABLE = YES;
				IPHONEOS_DEPLOYMENT_TARGET = 14.3;
				MTL_ENABLE_DEBUG_INFO = NO;
				MTL_FAST_MATH = YES;
				SDKROOT = iphoneos;
				SWIFT_COMPILATION_MODE = wholemodule;
				SWIFT_OPTIMIZATION_LEVEL = "-O";
				VALIDATE_PRODUCT = YES;
			};
			name = Release;
		};
		F269E56625F70FC200F42E4D /* Debug */ = {
			isa = XCBuildConfiguration;
			buildSettings = {
				ASSETCATALOG_COMPILER_APPICON_NAME = AppIcon;
				ASSETCATALOG_COMPILER_GLOBAL_ACCENT_COLOR_NAME = AccentColor;
				CODE_SIGN_STYLE = Automatic;
				INFOPLIST_FILE = GhilbiFilm/Info.plist;
				LD_RUNPATH_SEARCH_PATHS = (
					"$(inherited)",
					"@executable_path/Frameworks",
				);
				PRODUCT_BUNDLE_IDENTIFIER = com.aprizal.GhilbiFilm;
				PRODUCT_NAME = "$(TARGET_NAME)";
				SWIFT_VERSION = 5.0;
				TARGETED_DEVICE_FAMILY = "1,2";
			};
			name = Debug;
		};
		F269E56725F70FC200F42E4D /* Release */ = {
			isa = XCBuildConfiguration;
			buildSettings = {
				ASSETCATALOG_COMPILER_APPICON_NAME = AppIcon;
				ASSETCATALOG_COMPILER_GLOBAL_ACCENT_COLOR_NAME = AccentColor;
				CODE_SIGN_STYLE = Automatic;
				INFOPLIST_FILE = GhilbiFilm/Info.plist;
				LD_RUNPATH_SEARCH_PATHS = (
					"$(inherited)",
					"@executable_path/Frameworks",
				);
				PRODUCT_BUNDLE_IDENTIFIER = com.aprizal.GhilbiFilm;
				PRODUCT_NAME = "$(TARGET_NAME)";
				SWIFT_VERSION = 5.0;
				TARGETED_DEVICE_FAMILY = "1,2";
			};
			name = Release;
		};
		F269E56925F70FC200F42E4D /* Debug */ = {
			isa = XCBuildConfiguration;
			buildSettings = {
				ALWAYS_EMBED_SWIFT_STANDARD_LIBRARIES = YES;
				BUNDLE_LOADER = "$(TEST_HOST)";
				CODE_SIGN_STYLE = Automatic;
				INFOPLIST_FILE = GhilbiFilmTests/Info.plist;
				IPHONEOS_DEPLOYMENT_TARGET = 14.3;
				LD_RUNPATH_SEARCH_PATHS = (
					"$(inherited)",
					"@executable_path/Frameworks",
					"@loader_path/Frameworks",
				);
				PRODUCT_BUNDLE_IDENTIFIER = com.aprizal.GhilbiFilmTests;
				PRODUCT_NAME = "$(TARGET_NAME)";
				SWIFT_VERSION = 5.0;
				TARGETED_DEVICE_FAMILY = "1,2";
				TEST_HOST = "$(BUILT_PRODUCTS_DIR)/GhilbiFilm.app/GhilbiFilm";
			};
			name = Debug;
		};
		F269E56A25F70FC200F42E4D /* Release */ = {
			isa = XCBuildConfiguration;
			buildSettings = {
				ALWAYS_EMBED_SWIFT_STANDARD_LIBRARIES = YES;
				BUNDLE_LOADER = "$(TEST_HOST)";
				CODE_SIGN_STYLE = Automatic;
				INFOPLIST_FILE = GhilbiFilmTests/Info.plist;
				IPHONEOS_DEPLOYMENT_TARGET = 14.3;
				LD_RUNPATH_SEARCH_PATHS = (
					"$(inherited)",
					"@executable_path/Frameworks",
					"@loader_path/Frameworks",
				);
				PRODUCT_BUNDLE_IDENTIFIER = com.aprizal.GhilbiFilmTests;
				PRODUCT_NAME = "$(TARGET_NAME)";
				SWIFT_VERSION = 5.0;
				TARGETED_DEVICE_FAMILY = "1,2";
				TEST_HOST = "$(BUILT_PRODUCTS_DIR)/GhilbiFilm.app/GhilbiFilm";
			};
			name = Release;
		};
		F269E56C25F70FC200F42E4D /* Debug */ = {
			isa = XCBuildConfiguration;
			buildSettings = {
				ALWAYS_EMBED_SWIFT_STANDARD_LIBRARIES = YES;
				CODE_SIGN_STYLE = Automatic;
				INFOPLIST_FILE = GhilbiFilmUITests/Info.plist;
				LD_RUNPATH_SEARCH_PATHS = (
					"$(inherited)",
					"@executable_path/Frameworks",
					"@loader_path/Frameworks",
				);
				PRODUCT_BUNDLE_IDENTIFIER = com.aprizal.GhilbiFilmUITests;
				PRODUCT_NAME = "$(TARGET_NAME)";
				SWIFT_VERSION = 5.0;
				TARGETED_DEVICE_FAMILY = "1,2";
				TEST_TARGET_NAME = GhilbiFilm;
			};
			name = Debug;
		};
		F269E56D25F70FC200F42E4D /* Release */ = {
			isa = XCBuildConfiguration;
			buildSettings = {
				ALWAYS_EMBED_SWIFT_STANDARD_LIBRARIES = YES;
				CODE_SIGN_STYLE = Automatic;
				INFOPLIST_FILE = GhilbiFilmUITests/Info.plist;
				LD_RUNPATH_SEARCH_PATHS = (
					"$(inherited)",
					"@executable_path/Frameworks",
					"@loader_path/Frameworks",
				);
				PRODUCT_BUNDLE_IDENTIFIER = com.aprizal.GhilbiFilmUITests;
				PRODUCT_NAME = "$(TARGET_NAME)";
				SWIFT_VERSION = 5.0;
				TARGETED_DEVICE_FAMILY = "1,2";
				TEST_TARGET_NAME = GhilbiFilm;
			};
			name = Release;
		};
/* End XCBuildConfiguration section */

/* Begin XCConfigurationList section */
		F269E53625F70FBC00F42E4D /* Build configuration list for PBXProject "GhilbiFilm" */ = {
			isa = XCConfigurationList;
			buildConfigurations = (
				F269E56325F70FC200F42E4D /* Debug */,
				F269E56425F70FC200F42E4D /* Release */,
			);
			defaultConfigurationIsVisible = 0;
			defaultConfigurationName = Release;
		};
		F269E56525F70FC200F42E4D /* Build configuration list for PBXNativeTarget "GhilbiFilm" */ = {
			isa = XCConfigurationList;
			buildConfigurations = (
				F269E56625F70FC200F42E4D /* Debug */,
				F269E56725F70FC200F42E4D /* Release */,
			);
			defaultConfigurationIsVisible = 0;
			defaultConfigurationName = Release;
		};
		F269E56825F70FC200F42E4D /* Build configuration list for PBXNativeTarget "GhilbiFilmTests" */ = {
			isa = XCConfigurationList;
			buildConfigurations = (
				F269E56925F70FC200F42E4D /* Debug */,
				F269E56A25F70FC200F42E4D /* Release */,
			);
			defaultConfigurationIsVisible = 0;
			defaultConfigurationName = Release;
		};
		F269E56B25F70FC200F42E4D /* Build configuration list for PBXNativeTarget "GhilbiFilmUITests" */ = {
			isa = XCConfigurationList;
			buildConfigurations = (
				F269E56C25F70FC200F42E4D /* Debug */,
				F269E56D25F70FC200F42E4D /* Release */,
			);
			defaultConfigurationIsVisible = 0;
			defaultConfigurationName = Release;
		};
/* End XCConfigurationList section */

/* Begin XCRemoteSwiftPackageReference section */
		F269E57125F712D800F42E4D /* XCRemoteSwiftPackageReference "RxSwift" */ = {
			isa = XCRemoteSwiftPackageReference;
			repositoryURL = "https://github.com/ReactiveX/RxSwift.git";
			requirement = {
				kind = upToNextMajorVersion;
				minimumVersion = 6.1.0;
			};
		};
/* End XCRemoteSwiftPackageReference section */

/* Begin XCSwiftPackageProductDependency section */
		F269E57225F712D800F42E4D /* RxCocoa */ = {
			isa = XCSwiftPackageProductDependency;
			package = F269E57125F712D800F42E4D /* XCRemoteSwiftPackageReference "RxSwift" */;
			productName = RxCocoa;
		};
		F269E57425F712D800F42E4D /* RxSwift */ = {
			isa = XCSwiftPackageProductDependency;
			package = F269E57125F712D800F42E4D /* XCRemoteSwiftPackageReference "RxSwift" */;
			productName = RxSwift;
		};
/* End XCSwiftPackageProductDependency section */
	};
	rootObject = F269E53325F70FBC00F42E4D /* Project object */;
}
